<Solution>
  <Folder Name="/src/">
    <Project Path="src/Walletter.Api/Walletter.Api.csproj" />
    <Project Path="src/Walletter.Application/Walletter.Application.csproj" />
    <Project Path="src/Walletter.Domain/Walletter.Domain.csproj" />
    <Project Path="src/Walletter.Infrastructure/Walletter.Infrastructure.csproj" />
  </Folder>
  <Folder Name="/tests/">
    <Project Path="tests/Walletter.UnitTests/Walletter.UnitTests.csproj" />
  </Folder>
</Solution>
